
Microsoft Visual Studio Solution File, Format Version 12.00
Project("{FAE04EC0-301F-11D3-BF4B-00C04F79EFBC}") = "Sandbox.Composite.DI.API", "Sandbox.Composite.DI.API\Sandbox.Composite.DI.API.csproj", "{3DC95344-8707-4472-A4F7-0964395A4492}"
EndProject
Global
	GlobalSection(SolutionConfigurationPlatforms) = preSolution
		Debug|Any CPU = Debug|Any CPU
		Release|Any CPU = Release|Any CPU
	EndGlobalSection
	GlobalSection(ProjectConfigurationPlatforms) = postSolution
		{3DC95344-8707-4472-A4F7-0964395A4492}.Debug|Any CPU.ActiveCfg = Debug|Any CPU
		{3DC95344-8707-4472-A4F7-0964395A4492}.Debug|Any CPU.Build.0 = Debug|Any CPU
	EndGlobalSection
EndGlobal
